github.com/aws/aws-sdk-go-v2 v1.39.3 h1:h7xSsanJ4EQJXG5iuW4UqgP7qBopLpj84mpkNx3wPjM=
github.com/aws/aws-sdk-go-v2 v1.39.3/go.mod h1:yWSxrnioGUZ4WVv9TgMrNUeLV3PFESn/v+6T/Su8gnM=
github.com/aws/aws-sdk-go-v2/aws/protocol/eventstream v1.6.11 h1:12SpdwU8Djs+YGklkinSSlcrPyj3H4VifVsKf78KbwA=
github.com/aws/aws-sdk-go-v2/aws/protocol/eventstream v1.6.11/go.mod h1:dd+Lkp6YmMryke+qxW/VnKyhMBDTYP41Q2Bb+6gNZgY=
github.com/aws/aws-sdk-go-v2/config v1.29.14 h1:f+eEi/2cKCg9pqKBoAIwRGzVb70MRKqWX4dg1BDcSJM=
github.com/aws/aws-sdk-go-v2/config v1.29.14/go.mod h1:wVPHWcIFv3WO89w0rE10gzf17ZYy+UVS1Geq8Iei34g=
github.com/aws/aws-sdk-go-v2/credentials v1.17.67 h1:9KxtdcIA/5xPNQyZRgUSpYOE6j9Bc4+D7nZua0KGYOM=
github.com/aws/aws-sdk-go-v2/credentials v1.17.67/go.mod h1:p3C44m+cfnbv763s52gCqrjaqyPikj9Sg47kUVaNZQQ=
github.com/aws/aws-sdk-go-v2/feature/dynamodb/attributevalue v1.18.12 h1:mwAIR3fhxhSzXFj530LNCBe0JocYVQx6GuJpQiA+QOs=
github.com/aws/aws-sdk-go-v2/feature/dynamodb/attributevalue v1.18.12/go.mod h1:9cWrNL8q7ApFmZzKhnb63ub4zrdMzOGQVn/kxvagfeE=
github.com/aws/aws-sdk-go-v2/feature/ec2/imds v1.16.30 h1:x793wxmUWVDhshP8WW2mlnXuFrO4cOd3HLBroh1paFw=
github.com/aws/aws-sdk-go-v2/feature/ec2/imds v1.16.30/go.mod h1:Jpne2tDnYiFascUEs2AWHJL9Yp7A5ZVy3TNyxaAjD6M=
github.com/aws/aws-sdk-go-v2/internal/configsources v1.3.36 h1:SsytQyTMHMDPspp+spo7XwXTP44aJZZAC7fBV2C5+5s=
github.com/aws/aws-sdk-go-v2/internal/configsources v1.3.36/go.mod h1:Q1lnJArKRXkenyog6+Y+zr7WDpk4e6XlR6gs20bbeNo=
github.com/aws/aws-sdk-go-v2/internal/endpoints/v2 v2.6.36 h1:i2vNHQiXUvKhs3quBR6aqlgJaiaexz/aNvdCktW/kAM=
github.com/aws/aws-sdk-go-v2/internal/endpoints/v2 v2.6.36/go.mod h1:UdyGa7Q91id/sdyHPwth+043HhmP6yP9MBHgbZM0xo8=
github.com/aws/aws-sdk-go-v2/internal/ini v1.8.3 h1:bIqFDwgGXXN1Kpp99pDOdKMTTb5d2KyU5X/BZxjOkRo=
github.com/aws/aws-sdk-go-v2/internal/ini v1.8.3/go.mod h1:H5O/EsxDWyU+LP/V8i5sm8cxoZgc2fdNR9bxlOFrQTo=
github.com/aws/aws-sdk-go-v2/internal/v4a v1.3.36 h1:GMYy2EOWfzdP3wfVAGXBNKY5vK4K8vMET4sYOYltmqs=
github.com/aws/aws-sdk-go-v2/internal/v4a v1.3.36/go.mod h1:gDhdAV6wL3PmPqBhiPbnlS447GoWs8HTTOYef9/9Inw=
github.com/aws/aws-sdk-go-v2/service/dynamodb v1.44.0 h1:A99gjqZDbdhjtjJVZrmVzVKO2+p3MSg35bDWtbMQVxw=
github.com/aws/aws-sdk-go-v2/service/dynamodb v1.44.0/go.mod h1:mWB0GE1bqcVSvpW7OtFA0sKuHk52+IqtnsYU2jUfYAs=
github.com/aws/aws-sdk-go-v2/service/dynamodbstreams v1.25.3 h1:GHC1WTF3ZBZy+gvz2qtYB6ttALVx35hlwc4IzOIUY7g=
github.com/aws/aws-sdk-go-v2/service/dynamodbstreams v1.25.3/go.mod h1:lUqWdw5/esjPTkITXhN4C66o1ltwDq2qQ12j3SOzhVg=
github.com/aws/aws-sdk-go-v2/service/internal/accept-encoding v1.12.4 h1:CXV68E2dNqhuynZJPB80bhPQwAKqBWVer887figW6Jc=
github.com/aws/aws-sdk-go-v2/service/internal/accept-encoding v1.12.4/go.mod h1:/xFi9KtvBXP97ppCz1TAEvU1Uf66qvid89rbem3wCzQ=
github.com/aws/aws-sdk-go-v2/service/internal/checksum v1.7.4 h1:nAP2GYbfh8dd2zGZqFRSMlq+/F6cMPBUuCsGAMkN074=
github.com/aws/aws-sdk-go-v2/service/internal/checksum v1.7.4/go.mod h1:LT10DsiGjLWh4GbjInf9LQejkYEhBgBCjLG5+lvk4EE=
github.com/aws/aws-sdk-go-v2/service/internal/endpoint-discovery v1.10.17 h1:x187MqiHwBGjMGAed8Y8K1VGuCtFvQvXb24r+bwmSdo=
github.com/aws/aws-sdk-go-v2/service/internal/endpoint-discovery v1.10.17/go.mod h1:mC9qMbA6e1pwEq6X3zDGtZRXMG2YaElJkbJlMVHLs5I=
github.com/aws/aws-sdk-go-v2/service/internal/presigned-url v1.12.17 h1:t0E6FzREdtCsiLIoLCWsYliNsRBgyGD/MCK571qk4MI=
github.com/aws/aws-sdk-go-v2/service/internal/presigned-url v1.12.17/go.mod h1:ygpklyoaypuyDvOM5ujWGrYWpAK3h7ugnmKCU/76Ys4=
github.com/aws/aws-sdk-go-v2/service/internal/s3shared v1.18.17 h1:qcLWgdhq45sDM9na4cvXax9dyLitn8EYBRl8Ak4XtG4=
github.com/aws/aws-sdk-go-v2/service/internal/s3shared v1.18.17/go.mod h1:M+jkjBFZ2J6DJrjMv2+vkBbuht6kxJYtJiwoVgX4p4U=
github.com/aws/aws-sdk-go-v2/service/lambda v1.72.0 h1:2LerDz2Lz22IDfdpR/RpSZIFoBoAh1tdHUaiUzG2z0k=
github.com/aws/aws-sdk-go-v2/service/lambda v1.72.0/go.mod h1:vahA7MiX/fQE9J5o1PKbgn8KoXz7ogSFLAQQLdLUvM8=
github.com/aws/aws-sdk-go-v2/service/rds v1.94.4 h1:+SMv9vkHu0AWr0p665cwFJamRYNMwhQjUSxkcWDvkxg=
github.com/aws/aws-sdk-go-v2/service/rds v1.94.4/go.mod h1:CXiHj5rVyQ5Q3zNSoYzwaJfWm8IGDweyyCGfO8ei5fQ=
github.com/aws/aws-sdk-go-v2/service/s3 v1.83.0 h1:5Y75q0RPQoAbieyOuGLhjV9P3txvYgXv2lg0UwJOfmE=
github.com/aws/aws-sdk-go-v2/service/s3 v1.83.0/go.mod h1:kUklwasNoCn5YpyAqC/97r6dzTA1SRKJfKq16SXeoDU=
github.com/aws/aws-sdk-go-v2/service/sns v1.34.7 h1:OBuZE9Wt8h2imuRktu+WfjiTGrnYdCIJg8IX92aalHE=
github.com/aws/aws-sdk-go-v2/service/sns v1.34.7/go.mod h1:4WYoZAhHt+dWYpoOQUgkUKfuQbE6Gg/hW4oXE0pKS9U=
github.com/aws/aws-sdk-go-v2/service/sqs v1.38.8 h1:80dpSqWMwx2dAm30Ib7J6ucz1ZHfiv5OCRwN/EnCOXQ=
github.com/aws/aws-sdk-go-v2/service/sqs v1.38.8/go.mod h1:IzNt/udsXlETCdvBOL0nmyMe2t9cGmXmZgsdoZGYYhI=
github.com/aws/aws-sdk-go-v2/service/sso v1.25.3 h1:1Gw+9ajCV1jogloEv1RRnvfRFia2cL6c9cuKV2Ps+G8=
github.com/aws/aws-sdk-go-v2/service/sso v1.25.3/go.mod h1:qs4a9T5EMLl/Cajiw2TcbNt2UNo/Hqlyp+GiuG4CFDI=
github.com/aws/aws-sdk-go-v2/service/ssooidc v1.30.1 h1:hXmVKytPfTy5axZ+fYbR5d0cFmC3JvwLm5kM83luako=
github.com/aws/aws-sdk-go-v2/service/ssooidc v1.30.1/go.mod h1:MlYRNmYu/fGPoxBQVvBYr9nyr948aY/WLUvwBMBJubs=
github.com/aws/aws-sdk-go-v2/service/sts v1.33.19 h1:1XuUZ8mYJw9B6lzAkXhqHlJd/XvaX32evhproijJEZY=
github.com/aws/aws-sdk-go-v2/service/sts v1.33.19/go.mod h1:cQnB8CUnxbMU82JvlqjKR2HBOm3fe9pWorWBza6MBJ4=
github.com/aws/smithy-go v1.23.1 h1:sLvcH6dfAFwGkHLZ7dGiYF7aK6mg4CgKA/iDKjLDt9M=
github.com/aws/smithy-go v1.23.1/go.mod h1:LEj2LM3rBRQJxPZTB4KuzZkaZYnZPnvgIhb4pu07mx0=
github.com/davecgh/go-spew v1.1.0/go.mod h1:J7Y8YcW2NihsgmVo/mv3lAwl/skON4iLHjSsI+c5H38=
github.com/davecgh/go-spew v1.1.1 h1:vj9j/u1bqnvCEfJOwUhtlOARqs3+rkHYY13jYWTU97c=
github.com/davecgh/go-spew v1.1.1/go.mod h1:J7Y8YcW2NihsgmVo/mv3lAwl/skON4iLHjSsI+c5H38=
github.com/google/pprof v0.0.0-20250630185457-6e76a2b096b5 h1:xhMrHhTJ6zxu3gA4enFM9MLn9AY7613teCdFnlUVbSQ=
github.com/google/pprof v0.0.0-20250630185457-6e76a2b096b5/go.mod h1:5hDyRhoBCxViHszMt12TnOpEI4VVi+U8Gm9iphldiMA=
github.com/google/uuid v1.6.0 h1:NIvaJDMOsjHA8n1jAhLSgzrAzy1Hgr+hNrb57e+94F0=
github.com/google/uuid v1.6.0/go.mod h1:TIyPZe4MgqvfeYDBFedMoGGpEw/LqOeaOT+nhxU+yHo=
github.com/instana/go-sensor v1.71.1 h1:EqRQS/gi7C2FeYseRlgUB+u1qvD9aLGJCJ0PBXrtshM=
github.com/instana/go-sensor v1.71.1/go.mod h1:wWLB5TQn5zd+XxZPLkaScMzRr74ymtptaDTPhrueDyM=
github.com/looplab/fsm v1.0.3 h1:qtxBsa2onOs0qFOtkqwf5zE0uP0+Te+wlIvXctPKpcw=
github.com/looplab/fsm v1.0.3/go.mod h1:PmD3fFvQEIsjMEfvZdrCDZ6y8VwKTwWNjlpEr6IKPO4=
github.com/opentracing/opentracing-go v1.2.0 h1:uEJPy/1a5RIPAJ0Ov+OIO8OxWu77jEv+1B0VhjKrZUs=
github.com/opentracing/opentracing-go v1.2.0/go.mod h1:GxEUsuufX4nBwe+T+Wl9TAgYrxe9dPLANfrWvHYVTgc=
github.com/pkg/errors v0.9.1 h1:FEBLx1zS214owpjy7qsBeixbURkuhQAwrK5UwLGTwt4=
github.com/pkg/errors v0.9.1/go.mod h1:bwawxfHBFNV+L2hUp1rHADufV3IMtnDRdf1r5NINEl0=
github.com/pmezard/go-difflib v1.0.0 h1:4DBwDE0NGyQoBHbLQYPwSUPoCMWR5BEzIk/f1lZbAQM=
github.com/pmezard/go-difflib v1.0.0/go.mod h1:iKH77koFhYxTK1pcRnkKkqfTogsbg7gZNVY4sRDYZ/4=
github.com/stretchr/objx v0.1.0/go.mod h1:HFkY916IF+rwdDfMAkV7OtwuqBVzrE8GR6GFx+wExME=
github.com/stretchr/testify v1.3.0/go.mod h1:M5WIy9Dh21IEIfnGCwXGc5bZfKNJtfHm1UVUgZn+9EI=
github.com/stretchr/testify v1.10.0 h1:Xv5erBjTwe/5IxqUQTdXv5kgmIvbHo3QQyRwhJsOfJA=
github.com/stretchr/testify v1.10.0/go.mod h1:r2ic/lqez/lEtzL7wO/rwa5dbSLXVDPFyf8C91i36aY=
gopkg.in/check.v1 v0.0.0-20161208181325-20d25e280405 h1:yhCVgyC4o1eVCa2tZl7eS0r+SDo693bJlVdllGtEeKM=
gopkg.in/check.v1 v0.0.0-20161208181325-20d25e280405/go.mod h1:Co6ibVJAznAaIkqp8huTwlJQCZ016jof/cbN4VW5Yz0=
gopkg.in/yaml.v3 v3.0.1 h1:fxVm/GzAzEWqLHuvctI91KS9hhNmmWOoWu0XTYJS7CA=
gopkg.in/yaml.v3 v3.0.1/go.mod h1:K4uyk7z7BCEPqu6E+C64Yfv1cQ7kz7rIZviUmN+EgEM=
